{
  "requires": true,
  "lockfileVersion": 1,
  "dependencies": {
    "cogo-toast": {
      "version": "4.2.1",
      "resolved": "https://registry.npmjs.org/cogo-toast/-/cogo-toast-4.2.1.tgz",
      "integrity": "sha512-xlufSH9XazfU2SYdYjBMJ16UwgAtYMFvGKhYeQYJa0rgHf1ItKg8gkqrAM1L6jSKFG5flwydtHAwhBA6N+ZYbA=="
    }
  }
}
